{
  "requires": true,
  "lockfileVersion": 1,
  "dependencies": {
    "openzeppelin-solidity": {
      "version": "3.0.1",
      "resolved": "https://registry.npm.taobao.org/openzeppelin-solidity/download/openzeppelin-solidity-3.0.1.tgz",
      "integrity": "sha1-Hzv+CW4op2xKyiUppxM0FLYaiUM="
    }
  }
}
